
Microsoft Visual Studio Solution File, Format Version 12.00
# Visual Studio Version 16
VisualStudioVersion = 16.0.30223.230
MinimumVisualStudioVersion = 10.0.40219.1
Project("{FAE04EC0-301F-11D3-BF4B-00C04F79EFBC}") = "ASPNETMVCSignalR", "ASPNETMVCSignalR\ASPNETMVCSignalR.csproj", "{5EAEC371-6342-4666-BD12-34B7EC73A956}"
EndProject
Global
	GlobalSection(SolutionConfigurationPlatforms) = preSolution
		Debug|Any CPU = Debug|Any CPU
		Release|Any CPU = Release|Any CPU
	EndGlobalSection
	GlobalSection(ProjectConfigurationPlatforms) = postSolution
		{5EAEC371-6342-4666-BD12-34B7EC73A956}.Debug|Any CPU.ActiveCfg = Debug|Any CPU
		{5EAEC371-6342-4666-BD12-34B7EC73A956}.Debug|Any CPU.Build.0 = Debug|Any CPU
		{5EAEC371-6342-4666-BD12-34B7EC73A956}.Release|Any CPU.ActiveCfg = Release|Any CPU
		{5EAEC371-6342-4666-BD12-34B7EC73A956}.Release|Any CPU.Build.0 = Release|Any CPU
	EndGlobalSection
	GlobalSection(SolutionProperties) = preSolution
		HideSolutionNode = FALSE
	EndGlobalSection
	GlobalSection(ExtensibilityGlobals) = postSolution
		SolutionGuid = {7A690281-4F0F-43F2-9AB0-9B4B2808CFDA}
	EndGlobalSection
EndGlobal
